
Microsoft Visual Studio Solution File, Format Version 12.00
# Visual Studio Version 16
VisualStudioVersion = 16.0.30907.101
MinimumVisualStudioVersion = 10.0.40219.1
Project("{9A19103F-16F7-4668-BE54-9A1E7A4F7556}") = "OrderBoatNew.Domain", "OrderBoatNew.Domain\OrderBoatNew.Domain.csproj", "{540359CF-9DC2-4436-B1A4-BCF39A802E86}"
EndProject
Project("{9A19103F-16F7-4668-BE54-9A1E7A4F7556}") = "OrderBoatNew.EntityFramework", "OrderBoatNew.EntityFramework\OrderBoatNew.EntityFramework.csproj", "{EE7704F1-897E-4385-B14D-83956E3C0991}"
EndProject
Project("{9A19103F-16F7-4668-BE54-9A1E7A4F7556}") = "OrderBoatNew.WPF", "OrderBoatNew.WPF\OrderBoatNew.WPF.csproj", "{F0F01238-C978-488D-8899-A18BD9537245}"
EndProject
Project("{FAE04EC0-301F-11D3-BF4B-00C04F79EFBC}") = "ConsoleApp2", "ConsoleApp2\ConsoleApp2.csproj", "{37683368-C2B6-4DE2-ADA9-E8807ADAC5A8}"
EndProject
Global
	GlobalSection(SolutionConfigurationPlatforms) = preSolution
		Debug|Any CPU = Debug|Any CPU
		Release|Any CPU = Release|Any CPU
	EndGlobalSection
	GlobalSection(ProjectConfigurationPlatforms) = postSolution
		{540359CF-9DC2-4436-B1A4-BCF39A802E86}.Debug|Any CPU.ActiveCfg = Debug|Any CPU
		{540359CF-9DC2-4436-B1A4-BCF39A802E86}.Debug|Any CPU.Build.0 = Debug|Any CPU
		{540359CF-9DC2-4436-B1A4-BCF39A802E86}.Release|Any CPU.ActiveCfg = Release|Any CPU
		{540359CF-9DC2-4436-B1A4-BCF39A802E86}.Release|Any CPU.Build.0 = Release|Any CPU
		{EE7704F1-897E-4385-B14D-83956E3C0991}.Debug|Any CPU.ActiveCfg = Debug|Any CPU
		{EE7704F1-897E-4385-B14D-83956E3C0991}.Debug|Any CPU.Build.0 = Debug|Any CPU
		{EE7704F1-897E-4385-B14D-83956E3C0991}.Release|Any CPU.ActiveCfg = Release|Any CPU
		{EE7704F1-897E-4385-B14D-83956E3C0991}.Release|Any CPU.Build.0 = Release|Any CPU
		{F0F01238-C978-488D-8899-A18BD9537245}.Debug|Any CPU.ActiveCfg = Debug|Any CPU
		{F0F01238-C978-488D-8899-A18BD9537245}.Debug|Any CPU.Build.0 = Debug|Any CPU
		{F0F01238-C978-488D-8899-A18BD9537245}.Release|Any CPU.ActiveCfg = Release|Any CPU
		{F0F01238-C978-488D-8899-A18BD9537245}.Release|Any CPU.Build.0 = Release|Any CPU
		{37683368-C2B6-4DE2-ADA9-E8807ADAC5A8}.Debug|Any CPU.ActiveCfg = Debug|Any CPU
		{37683368-C2B6-4DE2-ADA9-E8807ADAC5A8}.Debug|Any CPU.Build.0 = Debug|Any CPU
		{37683368-C2B6-4DE2-ADA9-E8807ADAC5A8}.Release|Any CPU.ActiveCfg = Release|Any CPU
		{37683368-C2B6-4DE2-ADA9-E8807ADAC5A8}.Release|Any CPU.Build.0 = Release|Any CPU
	EndGlobalSection
	GlobalSection(SolutionProperties) = preSolution
		HideSolutionNode = FALSE
	EndGlobalSection
	GlobalSection(ExtensibilityGlobals) = postSolution
		SolutionGuid = {88AEB89C-1D76-4EA5-96C4-3000D399F7D0}
	EndGlobalSection
EndGlobal
